
Microsoft Visual Studio Solution File, Format Version 12.00
# Visual Studio Version 16
VisualStudioVersion = 16.0.29209.62
MinimumVisualStudioVersion = 10.0.40219.1
Project("{9A19103F-16F7-4668-BE54-9A1E7A4F7556}") = "SimpleTotp", "SimpleTotp\SimpleTotp.csproj", "{73D06956-F807-454F-A1D1-9E579C903CD7}"
EndProject
Project("{9A19103F-16F7-4668-BE54-9A1E7A4F7556}") = "SimpleTotp.Tests", "SimpleTotp.Tests\SimpleTotp.Tests.csproj", "{3BA10373-1C73-4031-B474-4A24805418F7}"
EndProject
Project("{2150E333-8FDC-42A3-9474-1A3956D46DE8}") = "Solution Items", "Solution Items", "{50DFC5A7-E28D-46AE-AFE2-7B41F39C9CE6}"
	ProjectSection(SolutionItems) = preProject
		LICENSE = LICENSE
		README.md = README.md
		ReleaseNotes.md = ReleaseNotes.md
	EndProjectSection
EndProject
Global
	GlobalSection(SolutionConfigurationPlatforms) = preSolution
		Debug|Any CPU = Debug|Any CPU
		Release|Any CPU = Release|Any CPU
	EndGlobalSection
	GlobalSection(ProjectConfigurationPlatforms) = postSolution
		{73D06956-F807-454F-A1D1-9E579C903CD7}.Debug|Any CPU.ActiveCfg = Debug|Any CPU
		{73D06956-F807-454F-A1D1-9E579C903CD7}.Debug|Any CPU.Build.0 = Debug|Any CPU
		{73D06956-F807-454F-A1D1-9E579C903CD7}.Release|Any CPU.ActiveCfg = Release|Any CPU
		{73D06956-F807-454F-A1D1-9E579C903CD7}.Release|Any CPU.Build.0 = Release|Any CPU
		{3BA10373-1C73-4031-B474-4A24805418F7}.Debug|Any CPU.ActiveCfg = Debug|Any CPU
		{3BA10373-1C73-4031-B474-4A24805418F7}.Debug|Any CPU.Build.0 = Debug|Any CPU
		{3BA10373-1C73-4031-B474-4A24805418F7}.Release|Any CPU.ActiveCfg = Release|Any CPU
		{3BA10373-1C73-4031-B474-4A24805418F7}.Release|Any CPU.Build.0 = Release|Any CPU
	EndGlobalSection
	GlobalSection(SolutionProperties) = preSolution
		HideSolutionNode = FALSE
	EndGlobalSection
	GlobalSection(ExtensibilityGlobals) = postSolution
		SolutionGuid = {C6389CA5-E09D-4130-BA9F-070B3558E719}
	EndGlobalSection
EndGlobal
